PATH
  remote: .
  specs:
    rubyboy (1.6.0)
      ffi (~> 1.16, >= 1.16.3)

GEM
  remote: https://rubygems.org/
  specs:
    ast (2.4.3)
    diff-lcs (1.5.0)
    ffi (1.16.3)
    js (2.10.1)
    json (3.0.2)
    language_server-protocol (3.17.0.6)
    lint_roller (1.1.0)
    logger (1.7.0)
    parallel (2.3.0)
    parser (3.3.12.0)
      ast (~> 2.4.1)
      racc
    prism (1.9.0)
    racc (1.8.1)
    rainbow (3.1.1)
    rake (13.4.2)
    regexp_parser (2.13.1)
    rspec (3.12.0)
      rspec-core (~> 3.12.0)
      rspec-expectations (~> 3.12.0)
      rspec-mocks (~> 3.12.0)
    rspec-core (3.12.2)
      rspec-support (~> 3.12.0)
    rspec-expectations (3.12.3)
      diff-lcs (>= 1.2.0, < 2.0)
      rspec-support (~> 3.12.0)
    rspec-mocks (3.12.6)
      diff-lcs (>= 1.2.0, < 2.0)
      rspec-support (~> 3.12.0)
    rspec-support (3.12.1)
    rubocop (1.91.0)
      json (>= 2.3)
      language_server-protocol (~> 3.17.0.2)
      lint_roller (~> 1.1.0)
      parallel (>= 1.10)
      parser (>= 3.3.0.2)
      rainbow (>= 2.2.2, < 4.0)
      regexp_parser (>= 2.9.3, < 3.0)
      rubocop-ast (>= 1.49.0, < 2.0)
      ruby-progressbar (~> 1.7)
      unicode-display_width (>= 2.4.0, < 4.0)
    rubocop-ast (1.50.0)
      parser (>= 3.3.7.2)
      prism (~> 1.7)
    ruby-progressbar (1.13.0)
    ruby_wasm (2.10.1)
      logger
    ruby_wasm (2.10.1-arm64-darwin)
      logger
    ruby_wasm (2.10.1-x86_64-darwin)
      logger
    ruby_wasm (2.10.1-x86_64-linux)
      logger
    unicode-display_width (3.3.0)
      unicode-emoji (~> 4.3)
    unicode-emoji (4.3.0)

PLATFORMS
  arm64-darwin-24
  ruby
  x86_64-darwin-23
  x86_64-linux

DEPENDENCIES
  js (= 2.10.1)
  rake (~> 13.0)
  rspec (~> 3.12)
  rubocop (~> 1.91)
  ruby_wasm (= 2.10.1)
  rubyboy!

BUNDLED WITH
  4.0.20
